
Microsoft Visual Studio Solution File, Format Version 12.00
# Visual Studio 15
Project("{FAE04EC0-301F-11D3-BF4B-00C04F79EFBC}") = "HCP_UserVetting", "HCP_UserVetting\HCP_UserVetting.csproj", "{3060E5C6-834A-4A52-A4C8-7C9C48F104A6}"
EndProject
Global
	GlobalSection(SolutionConfigurationPlatforms) = preSolution
		Debug|Any CPU = Debug|Any CPU
		Release|Any CPU = Release|Any CPU
	EndGlobalSection
	GlobalSection(ProjectConfigurationPlatforms) = postSolution
		{3060E5C6-834A-4A52-A4C8-7C9C48F104A6}.Debug|Any CPU.ActiveCfg = Debug|Any CPU
		{3060E5C6-834A-4A52-A4C8-7C9C48F104A6}.Debug|Any CPU.Build.0 = Debug|Any CPU
		{3060E5C6-834A-4A52-A4C8-7C9C48F104A6}.Release|Any CPU.ActiveCfg = Release|Any CPU
		{3060E5C6-834A-4A52-A4C8-7C9C48F104A6}.Release|Any CPU.Build.0 = Release|Any CPU
	EndGlobalSection
EndGlobal
